
Microsoft Visual Studio Solution File, Format Version 12.00
Project("{FAE04EC0-301F-11D3-BF4B-00C04F79EFBC}") = "src\OxidePack.Common", "src\OxidePack.Common\OxidePack.Common.csproj", "{12B9E389-7EBF-4617-915E-62A961F213AC}"
EndProject
Project("{FAE04EC0-301F-11D3-BF4B-00C04F79EFBC}") = "src\OxidePack.Client", "src\OxidePack.Client\OxidePack.Client.csproj", "{CF782426-DEC4-431C-A455-715EFB5D4062}"
EndProject
Project("{FAE04EC0-301F-11D3-BF4B-00C04F79EFBC}") = "src\OxidePack.Server", "src\OxidePack.Server\OxidePack.Server.csproj", "{0EA0FFD4-1493-48EB-86FD-C0D39E1A469D}"
EndProject
Project("{FAE04EC0-301F-11D3-BF4B-00C04F79EFBC}") = "OxidePack.CoreLib", "src\OxidePack.CoreLib\OxidePack.CoreLib.csproj", "{D9FFF35C-91BE-4070-B67C-D9B9B9B855F3}"
EndProject
Project("{FAE04EC0-301F-11D3-BF4B-00C04F79EFBC}") = "OxidePack.CoreLib.TestApp", "src\OxidePack.CoreLib.TestApp\OxidePack.CoreLib.TestApp.csproj", "{88EEF4ED-85E1-4751-8EEF-AFEBDF805DBF}"
EndProject
Project("{FAE04EC0-301F-11D3-BF4B-00C04F79EFBC}") = "OxidePack.CoreLib.Benchmarks", "src\OxidePack.CoreLib.Benchmarks\OxidePack.CoreLib.Benchmarks.csproj", "{1A3E2717-D6F0-416F-A9C3-DD6DABC07327}"
EndProject
Global
	GlobalSection(SolutionConfigurationPlatforms) = preSolution
		Debug|Any CPU = Debug|Any CPU
		Release|Any CPU = Release|Any CPU
	EndGlobalSection
	GlobalSection(ProjectConfigurationPlatforms) = postSolution
		{12B9E389-7EBF-4617-915E-62A961F213AC}.Debug|Any CPU.ActiveCfg = Debug|Any CPU
		{12B9E389-7EBF-4617-915E-62A961F213AC}.Debug|Any CPU.Build.0 = Debug|Any CPU
		{12B9E389-7EBF-4617-915E-62A961F213AC}.Release|Any CPU.ActiveCfg = Release|Any CPU
		{12B9E389-7EBF-4617-915E-62A961F213AC}.Release|Any CPU.Build.0 = Release|Any CPU
		{CF782426-DEC4-431C-A455-715EFB5D4062}.Debug|Any CPU.ActiveCfg = Debug|Any CPU
		{CF782426-DEC4-431C-A455-715EFB5D4062}.Debug|Any CPU.Build.0 = Debug|Any CPU
		{CF782426-DEC4-431C-A455-715EFB5D4062}.Release|Any CPU.ActiveCfg = Release|Any CPU
		{CF782426-DEC4-431C-A455-715EFB5D4062}.Release|Any CPU.Build.0 = Release|Any CPU
		{0EA0FFD4-1493-48EB-86FD-C0D39E1A469D}.Debug|Any CPU.ActiveCfg = Debug|Any CPU
		{0EA0FFD4-1493-48EB-86FD-C0D39E1A469D}.Debug|Any CPU.Build.0 = Debug|Any CPU
		{0EA0FFD4-1493-48EB-86FD-C0D39E1A469D}.Release|Any CPU.ActiveCfg = Release|Any CPU
		{0EA0FFD4-1493-48EB-86FD-C0D39E1A469D}.Release|Any CPU.Build.0 = Release|Any CPU
		{D9FFF35C-91BE-4070-B67C-D9B9B9B855F3}.Debug|Any CPU.ActiveCfg = Debug|Any CPU
		{D9FFF35C-91BE-4070-B67C-D9B9B9B855F3}.Debug|Any CPU.Build.0 = Debug|Any CPU
		{D9FFF35C-91BE-4070-B67C-D9B9B9B855F3}.Release|Any CPU.ActiveCfg = Release|Any CPU
		{D9FFF35C-91BE-4070-B67C-D9B9B9B855F3}.Release|Any CPU.Build.0 = Release|Any CPU
		{88EEF4ED-85E1-4751-8EEF-AFEBDF805DBF}.Debug|Any CPU.ActiveCfg = Debug|Any CPU
		{88EEF4ED-85E1-4751-8EEF-AFEBDF805DBF}.Debug|Any CPU.Build.0 = Debug|Any CPU
		{88EEF4ED-85E1-4751-8EEF-AFEBDF805DBF}.Release|Any CPU.ActiveCfg = Release|Any CPU
		{88EEF4ED-85E1-4751-8EEF-AFEBDF805DBF}.Release|Any CPU.Build.0 = Release|Any CPU
		{1A3E2717-D6F0-416F-A9C3-DD6DABC07327}.Debug|Any CPU.ActiveCfg = Debug|Any CPU
		{1A3E2717-D6F0-416F-A9C3-DD6DABC07327}.Debug|Any CPU.Build.0 = Debug|Any CPU
		{1A3E2717-D6F0-416F-A9C3-DD6DABC07327}.Release|Any CPU.ActiveCfg = Release|Any CPU
		{1A3E2717-D6F0-416F-A9C3-DD6DABC07327}.Release|Any CPU.Build.0 = Release|Any CPU
	EndGlobalSection
	GlobalSection(NestedProjects) = preSolution
	EndGlobalSection
EndGlobal
